
Microsoft Visual Studio Solution File, Format Version 12.00
# Visual Studio Version 17
VisualStudioVersion = 17.5.002.0
MinimumVisualStudioVersion = 10.0.40219.1
Project("{9A19103F-16F7-4668-BE54-9A1E7A4F7556}") = "israelweb", "israelweb\israelweb.csproj", "{B36582D4-8AFE-4C96-A038-5AE6C00427FC}"
EndProject
Global
	GlobalSection(SolutionConfigurationPlatforms) = preSolution
		Debug|Any CPU = Debug|Any CPU
		Release|Any CPU = Release|Any CPU
	EndGlobalSection
	GlobalSection(ProjectConfigurationPlatforms) = postSolution
		{B36582D4-8AFE-4C96-A038-5AE6C00427FC}.Debug|Any CPU.ActiveCfg = Debug|Any CPU
		{B36582D4-8AFE-4C96-A038-5AE6C00427FC}.Debug|Any CPU.Build.0 = Debug|Any CPU
		{B36582D4-8AFE-4C96-A038-5AE6C00427FC}.Release|Any CPU.ActiveCfg = Release|Any CPU
		{B36582D4-8AFE-4C96-A038-5AE6C00427FC}.Release|Any CPU.Build.0 = Release|Any CPU
	EndGlobalSection
	GlobalSection(SolutionProperties) = preSolution
		HideSolutionNode = FALSE
	EndGlobalSection
	GlobalSection(ExtensibilityGlobals) = postSolution
		SolutionGuid = {908E32E9-12E1-4D8C-A492-85EB08971075}
	EndGlobalSection
EndGlobal
